{
  "name": "ayo_palindrome",
  "version": "0.1.1",
  "lockfileVersion": 3,
  "requires": true,
  "packages": {
    "": {
      "name": "ayo_palindrome",
      "version": "0.1.1",
      "license": "ISC",
      "dependencies": {
        "ayo_palindrome": "^0.1.1"
      }
    },
    "node_modules/ayo_palindrome": {
      "version": "0.1.1",
      "resolved": "https://registry.npmjs.org/ayo_palindrome/-/ayo_palindrome-0.1.1.tgz",
      "integrity": "sha512-OAKP3v/rbha4kG8r6/pWhj9OQcxDQgTUJm7ftMX5Z7mY2IO31F8pKrg3Fo+xil8ln21fU416otuZaxGdUxeNKQ==",
      "license": "ISC"
    }
  }
}
